
Microsoft Visual Studio Solution File, Format Version 12.00
# Visual Studio Version 16
VisualStudioVersion = 16.0.31321.278
MinimumVisualStudioVersion = 10.0.40219.1
Project("{FAE04EC0-301F-11D3-BF4B-00C04F79EFBC}") = "Constructors_Hamilton_Dakota", "Constructors_Hamilton_Dakota\Constructors_Hamilton_Dakota.csproj", "{93F3FA57-8C43-4870-B335-8762D58527F1}"
EndProject
Global
	GlobalSection(SolutionConfigurationPlatforms) = preSolution
		Debug|Any CPU = Debug|Any CPU
		Release|Any CPU = Release|Any CPU
	EndGlobalSection
	GlobalSection(ProjectConfigurationPlatforms) = postSolution
		{93F3FA57-8C43-4870-B335-8762D58527F1}.Debug|Any CPU.ActiveCfg = Debug|Any CPU
		{93F3FA57-8C43-4870-B335-8762D58527F1}.Debug|Any CPU.Build.0 = Debug|Any CPU
		{93F3FA57-8C43-4870-B335-8762D58527F1}.Release|Any CPU.ActiveCfg = Release|Any CPU
		{93F3FA57-8C43-4870-B335-8762D58527F1}.Release|Any CPU.Build.0 = Release|Any CPU
	EndGlobalSection
	GlobalSection(SolutionProperties) = preSolution
		HideSolutionNode = FALSE
	EndGlobalSection
	GlobalSection(ExtensibilityGlobals) = postSolution
		SolutionGuid = {5AD1F78C-0BAB-4C26-B0D3-34C2614E9436}
	EndGlobalSection
EndGlobal
